# This file is autogenerated, do not edit; changes may be undone by the next 'dep ensure'.


[[projects]]
  digest = "1:46f5782e57d221d76a19fb9c9c4f2b139f1d85ae7115a95e945a79221e1a7031"
  name = "github.com/radovskyb/watcher"
  packages = ["."]
  pruneopts = "UT"
  revision = "3818ec23ec59ea15084fe26bfb114b3bb58aa132"
  version = "1.0.5"

[solve-meta]
  analyzer-name = "dep"
  analyzer-version = 1
  input-imports = ["github.com/radovskyb/watcher"]
  solver-name = "gps-cdcl"
  solver-version = 1
